
Microsoft Visual Studio Solution File, Format Version 12.00
# Visual Studio Version 16
VisualStudioVersion = 16.0.29911.84
MinimumVisualStudioVersion = 10.0.40219.1
Project("{9A19103F-16F7-4668-BE54-9A1E7A4F7556}") = "mooDGUesSEr.Web", "mooDGUesSEr.Web\mooDGUesSEr.Web.csproj", "{5ABF41BE-BEDE-49F4-A237-8A574B888A90}"
EndProject
Project("{9A19103F-16F7-4668-BE54-9A1E7A4F7556}") = "mooDGUesSErML.Model", "mooDGUesSErML.Model\mooDGUesSErML.Model.csproj", "{68EAB4AD-5FF6-46C5-94B4-4B95322EBF38}"
EndProject
Project("{9A19103F-16F7-4668-BE54-9A1E7A4F7556}") = "mooDGUesSErML.ConsoleApp", "mooDGUesSErML.ConsoleApp\mooDGUesSErML.ConsoleApp.csproj", "{8EA943B3-0B39-4D52-BA9B-BD7643557038}"
EndProject
Global
	GlobalSection(SolutionConfigurationPlatforms) = preSolution
		Debug|Any CPU = Debug|Any CPU
		Release|Any CPU = Release|Any CPU
	EndGlobalSection
	GlobalSection(ProjectConfigurationPlatforms) = postSolution
		{5ABF41BE-BEDE-49F4-A237-8A574B888A90}.Debug|Any CPU.ActiveCfg = Debug|Any CPU
		{5ABF41BE-BEDE-49F4-A237-8A574B888A90}.Debug|Any CPU.Build.0 = Debug|Any CPU
		{5ABF41BE-BEDE-49F4-A237-8A574B888A90}.Release|Any CPU.ActiveCfg = Release|Any CPU
		{5ABF41BE-BEDE-49F4-A237-8A574B888A90}.Release|Any CPU.Build.0 = Release|Any CPU
		{68EAB4AD-5FF6-46C5-94B4-4B95322EBF38}.Debug|Any CPU.ActiveCfg = Debug|Any CPU
		{68EAB4AD-5FF6-46C5-94B4-4B95322EBF38}.Debug|Any CPU.Build.0 = Debug|Any CPU
		{68EAB4AD-5FF6-46C5-94B4-4B95322EBF38}.Release|Any CPU.ActiveCfg = Release|Any CPU
		{68EAB4AD-5FF6-46C5-94B4-4B95322EBF38}.Release|Any CPU.Build.0 = Release|Any CPU
		{8EA943B3-0B39-4D52-BA9B-BD7643557038}.Debug|Any CPU.ActiveCfg = Debug|Any CPU
		{8EA943B3-0B39-4D52-BA9B-BD7643557038}.Debug|Any CPU.Build.0 = Debug|Any CPU
		{8EA943B3-0B39-4D52-BA9B-BD7643557038}.Release|Any CPU.ActiveCfg = Release|Any CPU
		{8EA943B3-0B39-4D52-BA9B-BD7643557038}.Release|Any CPU.Build.0 = Release|Any CPU
	EndGlobalSection
	GlobalSection(SolutionProperties) = preSolution
		HideSolutionNode = FALSE
	EndGlobalSection
	GlobalSection(ExtensibilityGlobals) = postSolution
		SolutionGuid = {08BA29C6-0D51-4C43-B10E-3694D24AB4B8}
	EndGlobalSection
EndGlobal
